Microsoft Visual Studio Solution File, Format Version 12.00
# Visual Studio Version 17
VisualStudioVersion = 17.5.2.0
MinimumVisualStudioVersion = 10.0.40219.1
Project("{FAE04EC0-301F-11D3-BF4B-00C04F79EFBC}") = "NavetraERP_backend", "NavetraERP_backend.csproj", "{3E2B2FC2-8AE7-C4E6-289B-9D1C1591B499}"
EndProject
Global
	GlobalSection(SolutionConfigurationPlatforms) = preSolution
		Debug|Any CPU = Debug|Any CPU
		Release|Any CPU = Release|Any CPU
	EndGlobalSection
	GlobalSection(ProjectConfigurationPlatforms) = postSolution
		{3E2B2FC2-8AE7-C4E6-289B-9D1C1591B499}.Debug|Any CPU.ActiveCfg = Debug|Any CPU
		{3E2B2FC2-8AE7-C4E6-289B-9D1C1591B499}.Debug|Any CPU.Build.0 = Debug|Any CPU
		{3E2B2FC2-8AE7-C4E6-289B-9D1C1591B499}.Release|Any CPU.ActiveCfg = Release|Any CPU
		{3E2B2FC2-8AE7-C4E6-289B-9D1C1591B499}.Release|Any CPU.Build.0 = Release|Any CPU
	EndGlobalSection
	GlobalSection(SolutionProperties) = preSolution
		HideSolutionNode = FALSE
	EndGlobalSection
	GlobalSection(ExtensibilityGlobals) = postSolution
		SolutionGuid = {5E75DDB6-09C9-44F8-9BCE-E2EE5B0E0E8F}
	EndGlobalSection
EndGlobal
